
Microsoft Visual Studio Solution File, Format Version 12.00
# Visual Studio Version 16
VisualStudioVersion = 16.0.30621.155
MinimumVisualStudioVersion = 10.0.40219.1
Project("{FAE04EC0-301F-11D3-BF4B-00C04F79EFBC}") = "MVCSample", "MVCSample.csproj", "{4628D74D-5593-437B-B2EE-69D5E6A08AB3}"
EndProject
Global
	GlobalSection(SolutionConfigurationPlatforms) = preSolution
		Debug|Any CPU = Debug|Any CPU
		Release|Any CPU = Release|Any CPU
	EndGlobalSection
	GlobalSection(ProjectConfigurationPlatforms) = postSolution
		{4628D74D-5593-437B-B2EE-69D5E6A08AB3}.Debug|Any CPU.ActiveCfg = Debug|Any CPU
		{4628D74D-5593-437B-B2EE-69D5E6A08AB3}.Debug|Any CPU.Build.0 = Debug|Any CPU
		{4628D74D-5593-437B-B2EE-69D5E6A08AB3}.Release|Any CPU.ActiveCfg = Release|Any CPU
		{4628D74D-5593-437B-B2EE-69D5E6A08AB3}.Release|Any CPU.Build.0 = Release|Any CPU
	EndGlobalSection
	GlobalSection(SolutionProperties) = preSolution
		HideSolutionNode = FALSE
	EndGlobalSection
	GlobalSection(ExtensibilityGlobals) = postSolution
		SolutionGuid = {B2797A32-1B50-43E6-AF34-4D84C552A3A4}
	EndGlobalSection
EndGlobal
